
Microsoft Visual Studio Solution File, Format Version 12.00
# Visual Studio Version 17
VisualStudioVersion = 17.9.34616.47
MinimumVisualStudioVersion = 10.0.40219.1
Project("{FAE04EC0-301F-11D3-BF4B-00C04F79EFBC}") = "Mod13Part1", "Mod13Part1\Mod13Part1.csproj", "{40C7B55B-61CB-49A7-BC19-85B289DD87BF}"
EndProject
Global
	GlobalSection(SolutionConfigurationPlatforms) = preSolution
		Debug|Any CPU = Debug|Any CPU
		Release|Any CPU = Release|Any CPU
	EndGlobalSection
	GlobalSection(ProjectConfigurationPlatforms) = postSolution
		{40C7B55B-61CB-49A7-BC19-85B289DD87BF}.Debug|Any CPU.ActiveCfg = Debug|Any CPU
		{40C7B55B-61CB-49A7-BC19-85B289DD87BF}.Debug|Any CPU.Build.0 = Debug|Any CPU
		{40C7B55B-61CB-49A7-BC19-85B289DD87BF}.Release|Any CPU.ActiveCfg = Release|Any CPU
		{40C7B55B-61CB-49A7-BC19-85B289DD87BF}.Release|Any CPU.Build.0 = Release|Any CPU
	EndGlobalSection
	GlobalSection(SolutionProperties) = preSolution
		HideSolutionNode = FALSE
	EndGlobalSection
	GlobalSection(ExtensibilityGlobals) = postSolution
		SolutionGuid = {5A5CAD13-D4E8-4255-9810-1D9323ED9D10}
	EndGlobalSection
EndGlobal
